
Microsoft Visual Studio Solution File, Format Version 12.00
# Visual Studio Version 16
VisualStudioVersion = 16.0.30907.101
MinimumVisualStudioVersion = 10.0.40219.1
Project("{FAE04EC0-301F-11D3-BF4B-00C04F79EFBC}") = "Microsoft Store Design Concept", "Microsoft Store Design Concept\Microsoft Store Design Concept.csproj", "{21D649A9-E20C-4A7B-AD41-34B42606A0AC}"
EndProject
Global
	GlobalSection(SolutionConfigurationPlatforms) = preSolution
		Debug|Any CPU = Debug|Any CPU
		Release|Any CPU = Release|Any CPU
	EndGlobalSection
	GlobalSection(ProjectConfigurationPlatforms) = postSolution
		{21D649A9-E20C-4A7B-AD41-34B42606A0AC}.Debug|Any CPU.ActiveCfg = Debug|Any CPU
		{21D649A9-E20C-4A7B-AD41-34B42606A0AC}.Debug|Any CPU.Build.0 = Debug|Any CPU
		{21D649A9-E20C-4A7B-AD41-34B42606A0AC}.Release|Any CPU.ActiveCfg = Release|Any CPU
		{21D649A9-E20C-4A7B-AD41-34B42606A0AC}.Release|Any CPU.Build.0 = Release|Any CPU
	EndGlobalSection
	GlobalSection(SolutionProperties) = preSolution
		HideSolutionNode = FALSE
	EndGlobalSection
	GlobalSection(ExtensibilityGlobals) = postSolution
		SolutionGuid = {7E29AE35-43B0-417B-B0C8-A6F07E00DA01}
	EndGlobalSection
EndGlobal
